
Microsoft Visual Studio Solution File, Format Version 12.00
# Visual Studio 15
VisualStudioVersion = 15.0.27703.2026
MinimumVisualStudioVersion = 10.0.40219.1
Project("{9092AA53-FB77-4645-B42D-1CCCA6BD08BD}") = "NodejsWebApp1", "NodejsWebApp1\NodejsWebApp1.njsproj", "{D698787C-0EF7-410B-BC14-FB635741B877}"
EndProject
Global
	GlobalSection(SolutionConfigurationPlatforms) = preSolution
		Debug|Any CPU = Debug|Any CPU
		Release|Any CPU = Release|Any CPU
	EndGlobalSection
	GlobalSection(ProjectConfigurationPlatforms) = postSolution
		{D698787C-0EF7-410B-BC14-FB635741B877}.Debug|Any CPU.ActiveCfg = Debug|Any CPU
		{D698787C-0EF7-410B-BC14-FB635741B877}.Debug|Any CPU.Build.0 = Debug|Any CPU
		{D698787C-0EF7-410B-BC14-FB635741B877}.Release|Any CPU.ActiveCfg = Release|Any CPU
		{D698787C-0EF7-410B-BC14-FB635741B877}.Release|Any CPU.Build.0 = Release|Any CPU
	EndGlobalSection
	GlobalSection(SolutionProperties) = preSolution
		HideSolutionNode = FALSE
	EndGlobalSection
	GlobalSection(ExtensibilityGlobals) = postSolution
		SolutionGuid = {E86B03C2-D877-4808-94C6-6F1E786345C1}
	EndGlobalSection
EndGlobal
